
Microsoft Visual Studio Solution File, Format Version 12.00
Project("{FAE04EC0-301F-11D3-BF4B-00C04F79EFBC}") = "RESTful API Demo", "RESTful API Demo\RESTful API Demo.csproj", "{8AC33A51-D0DA-45C5-A457-8BA3889ACC2A}"
EndProject
Global
	GlobalSection(SolutionConfigurationPlatforms) = preSolution
		Debug|Any CPU = Debug|Any CPU
		Release|Any CPU = Release|Any CPU
	EndGlobalSection
	GlobalSection(ProjectConfigurationPlatforms) = postSolution
		{8AC33A51-D0DA-45C5-A457-8BA3889ACC2A}.Debug|Any CPU.ActiveCfg = Debug|Any CPU
		{8AC33A51-D0DA-45C5-A457-8BA3889ACC2A}.Debug|Any CPU.Build.0 = Debug|Any CPU
		{8AC33A51-D0DA-45C5-A457-8BA3889ACC2A}.Release|Any CPU.ActiveCfg = Release|Any CPU
		{8AC33A51-D0DA-45C5-A457-8BA3889ACC2A}.Release|Any CPU.Build.0 = Release|Any CPU
	EndGlobalSection
EndGlobal
